// !$*UTF8*$!
{
	archiveVersion = 1;
	classes = {
	};
	objectVersion = 56;
	objects = {

/* Begin PBXBuildFile section */
		2917B0872B232D1D00528889 /* DetailEditView.swift in Sources */ = {isa = PBXBuildFile; fileRef = 2917B0862B232D1D00528889 /* DetailEditView.swift */; };
		2917B0892B236C2E00528889 /* ThemeView.swift in Sources */ = {isa = PBXBuildFile; fileRef = 2917B0882B236C2E00528889 /* ThemeView.swift */; };
		2917B08B2B23704800528889 /* ThemePicker.swift in Sources */ = {isa = PBXBuildFile; fileRef = 2917B08A2B23704800528889 /* ThemePicker.swift */; };
		2917B0912B2516C400528889 /* TrailingIconLabelStyle.swift in Sources */ = {isa = PBXBuildFile; fileRef = 2917B0902B2516C400528889 /* TrailingIconLabelStyle.swift */; };
		2917B0932B25183200528889 /* MeetingHeaderView.swift in Sources */ = {isa = PBXBuildFile; fileRef = 2917B0922B25183200528889 /* MeetingHeaderView.swift */; };
		2917B0952B251B6D00528889 /* ScrumProgressViewStyle.swift in Sources */ = {isa = PBXBuildFile; fileRef = 2917B0942B251B6D00528889 /* ScrumProgressViewStyle.swift */; };
		2917B0972B25262A00528889 /* ScrumTimer.swift in Sources */ = {isa = PBXBuildFile; fileRef = 2917B0962B25262A00528889 /* ScrumTimer.swift */; };
		29449CA12B22426500289A40 /* Theme.swift in Sources */ = {isa = PBXBuildFile; fileRef = 29449CA02B22426500289A40 /* Theme.swift */; };
		29449CA32B2243B600289A40 /* DailyScrum.swift in Sources */ = {isa = PBXBuildFile; fileRef = 29449CA22B2243B600289A40 /* DailyScrum.swift */; };
		29449CA52B22459C00289A40 /* CardView.swift in Sources */ = {isa = PBXBuildFile; fileRef = 29449CA42B22459C00289A40 /* CardView.swift */; };
		29449CA92B225EE800289A40 /* ScrumsView.swift in Sources */ = {isa = PBXBuildFile; fileRef = 29449CA82B225EE800289A40 /* ScrumsView.swift */; };
		29449CAB2B2267EC00289A40 /* Assets.xcassets in Resources */ = {isa = PBXBuildFile; fileRef = 29449CAA2B2267EC00289A40 /* Assets.xcassets */; };
		29449CAD2B226DED00289A40 /* DetailView.swift in Sources */ = {isa = PBXBuildFile; fileRef = 29449CAC2B226DED00289A40 /* DetailView.swift */; };
		2946C29D2B21EC5D0094E119 /* ScrumdingerApp.swift in Sources */ = {isa = PBXBuildFile; fileRef = 2946C29C2B21EC5D0094E119 /* ScrumdingerApp.swift */; };
		2946C29F2B21EC5D0094E119 /* MeetingView.swift in Sources */ = {isa = PBXBuildFile; fileRef = 2946C29E2B21EC5D0094E119 /* MeetingView.swift */; };
		2946C2A42B21EC600094E119 /* Preview Assets.xcassets in Resources */ = {isa = PBXBuildFile; fileRef = 2946C2A32B21EC600094E119 /* Preview Assets.xcassets */; };
		296087B42B335620004C4E65 /* MeetingFooterView.swift in Sources */ = {isa = PBXBuildFile; fileRef = 296087B32B335620004C4E65 /* MeetingFooterView.swift */; };
		29FF45282B33910C005EDAB0 /* ding.wav in Resources */ = {isa = PBXBuildFile; fileRef = 29FF45272B33910C005EDAB0 /* ding.wav */; };
		29FF452A2B339F7F005EDAB0 /* AVPlayer+Ding.swift in Sources */ = {isa = PBXBuildFile; fileRef = 29FF45292B339F7F005EDAB0 /* AVPlayer+Ding.swift */; };
/* End PBXBuildFile section */

/* Begin PBXFileReference section */
		2917B0862B232D1D00528889 /* DetailEditView.swift */ = {isa = PBXFileReference; lastKnownFileType = sourcecode.swift; path = DetailEditView.swift; sourceTree = "<group>"; };
		2917B0882B236C2E00528889 /* ThemeView.swift */ = {isa = PBXFileReference; lastKnownFileType = sourcecode.swift; path = ThemeView.swift; sourceTree = "<group>"; };
		2917B08A2B23704800528889 /* ThemePicker.swift */ = {isa = PBXFileReference; lastKnownFileType = sourcecode.swift; path = ThemePicker.swift; sourceTree = "<group>"; };
		2917B0902B2516C400528889 /* TrailingIconLabelStyle.swift */ = {isa = PBXFileReference; fileEncoding = 4; lastKnownFileType = sourcecode.swift; path = TrailingIconLabelStyle.swift; sourceTree = "<group>"; };
		2917B0922B25183200528889 /* MeetingHeaderView.swift */ = {isa = PBXFileReference; lastKnownFileType = sourcecode.swift; path = MeetingHeaderView.swift; sourceTree = "<group>"; };
		2917B0942B251B6D00528889 /* ScrumProgressViewStyle.swift */ = {isa = PBXFileReference; fileEncoding = 4; lastKnownFileType = sourcecode.swift; path = ScrumProgressViewStyle.swift; sourceTree = "<group>"; };
		2917B0962B25262A00528889 /* ScrumTimer.swift */ = {isa = PBXFileReference; lastKnownFileType = sourcecode.swift; path = ScrumTimer.swift; sourceTree = "<group>"; };
		29449CA02B22426500289A40 /* Theme.swift */ = {isa = PBXFileReference; lastKnownFileType = sourcecode.swift; path = Theme.swift; sourceTree = "<group>"; };
		29449CA22B2243B600289A40 /* DailyScrum.swift */ = {isa = PBXFileReference; lastKnownFileType = sourcecode.swift; path = DailyScrum.swift; sourceTree = "<group>"; };
		29449CA42B22459C00289A40 /* CardView.swift */ = {isa = PBXFileReference; lastKnownFileType = sourcecode.swift; path = CardView.swift; sourceTree = "<group>"; };
		29449CA82B225EE800289A40 /* ScrumsView.swift */ = {isa = PBXFileReference; lastKnownFileType = sourcecode.swift; path = ScrumsView.swift; sourceTree = "<group>"; };
		29449CAA2B2267EC00289A40 /* Assets.xcassets */ = {isa = PBXFileReference; lastKnownFileType = folder.assetcatalog; name = Assets.xcassets; path = ../../../../../Downloads/DisplayingDataInAList/Complete/Scrumdinger/Assets.xcassets; sourceTree = "<group>"; };
		29449CAC2B226DED00289A40 /* DetailView.swift */ = {isa = PBXFileReference; lastKnownFileType = sourcecode.swift; path = DetailView.swift; sourceTree = "<group>"; };
		2946C2992B21EC5D0094E119 /* Scrumdinger.app */ = {isa = PBXFileReference; explicitFileType = wrapper.application; includeInIndex = 0; path = Scrumdinger.app; sourceTree = BUILT_PRODUCTS_DIR; };
		2946C29C2B21EC5D0094E119 /* ScrumdingerApp.swift */ = {isa = PBXFileReference; lastKnownFileType = sourcecode.swift; path = ScrumdingerApp.swift; sourceTree = "<group>"; };
		2946C29E2B21EC5D0094E119 /* MeetingView.swift */ = {isa = PBXFileReference; lastKnownFileType = sourcecode.swift; path = MeetingView.swift; sourceTree = "<group>"; };
		2946C2A32B21EC600094E119 /* Preview Assets.xcassets */ = {isa = PBXFileReference; lastKnownFileType = folder.assetcatalog; path = "Preview Assets.xcassets"; sourceTree = "<group>"; };
		296087B32B335620004C4E65 /* MeetingFooterView.swift */ = {isa = PBXFileReference; lastKnownFileType = sourcecode.swift; path = MeetingFooterView.swift; sourceTree = "<group>"; };
		29FF45272B33910C005EDAB0 /* ding.wav */ = {isa = PBXFileReference; lastKnownFileType = audio.wav; path = ding.wav; sourceTree = "<group>"; };
		29FF45292B339F7F005EDAB0 /* AVPlayer+Ding.swift */ = {isa = PBXFileReference; fileEncoding = 4; lastKnownFileType = sourcecode.swift; path = "AVPlayer+Ding.swift"; sourceTree = "<group>"; };
/* End PBXFileReference section */

/* Begin PBXFrameworksBuildPhase section */
		2946C2962B21EC5D0094E119 /* Frameworks */ = {
			isa = PBXFrameworksBuildPhase;
			buildActionMask = 2147483647;
			files = (
			);
			runOnlyForDeploymentPostprocessing = 0;
		};
/* End PBXFrameworksBuildPhase section */

/* Begin PBXGroup section */
		2917B08F2B25155000528889 /* Views */ = {
			isa = PBXGroup;
			children = (
				2946C29E2B21EC5D0094E119 /* MeetingView.swift */,
				29449CA42B22459C00289A40 /* CardView.swift */,
				29449CA82B225EE800289A40 /* ScrumsView.swift */,
				29449CAC2B226DED00289A40 /* DetailView.swift */,
				2917B0942B251B6D00528889 /* ScrumProgressViewStyle.swift */,
				2917B0902B2516C400528889 /* TrailingIconLabelStyle.swift */,
				2917B0862B232D1D00528889 /* DetailEditView.swift */,
				2917B0882B236C2E00528889 /* ThemeView.swift */,
				2917B08A2B23704800528889 /* ThemePicker.swift */,
				2917B0922B25183200528889 /* MeetingHeaderView.swift */,
				296087B32B335620004C4E65 /* MeetingFooterView.swift */,
			);
			path = Views;
			sourceTree = "<group>";
		};
		29449C9F2B22424D00289A40 /* Models */ = {
			isa = PBXGroup;
			children = (
				29FF45292B339F7F005EDAB0 /* AVPlayer+Ding.swift */,
				29449CA02B22426500289A40 /* Theme.swift */,
				29449CA22B2243B600289A40 /* DailyScrum.swift */,
				2917B0962B25262A00528889 /* ScrumTimer.swift */,
			);
			path = Models;
			sourceTree = "<group>";
		};
		2946C2902B21EC5D0094E119 = {
			isa = PBXGroup;
			children = (
				2946C29B2B21EC5D0094E119 /* Scrumdinger */,
				2946C29A2B21EC5D0094E119 /* Products */,
			);
			sourceTree = "<group>";
		};
		2946C29A2B21EC5D0094E119 /* Products */ = {
			isa = PBXGroup;
			children = (
				2946C2992B21EC5D0094E119 /* Scrumdinger.app */,
			);
			name = Products;
			sourceTree = "<group>";
		};
		2946C29B2B21EC5D0094E119 /* Scrumdinger */ = {
			isa = PBXGroup;
			children = (
				29FF45262B33910C005EDAB0 /* Resources */,
				2917B08F2B25155000528889 /* Views */,
				29449CAA2B2267EC00289A40 /* Assets.xcassets */,
				29449C9F2B22424D00289A40 /* Models */,
				2946C29C2B21EC5D0094E119 /* ScrumdingerApp.swift */,
				2946C2A22B21EC600094E119 /* Preview Content */,
			);
			path = Scrumdinger;
			sourceTree = "<group>";
		};
		2946C2A22B21EC600094E119 /* Preview Content */ = {
			isa = PBXGroup;
			children = (
				2946C2A32B21EC600094E119 /* Preview Assets.xcassets */,
			);
			path = "Preview Content";
			sourceTree = "<group>";
		};
		29FF45262B33910C005EDAB0 /* Resources */ = {
			isa = PBXGroup;
			children = (
				29FF45272B33910C005EDAB0 /* ding.wav */,
			);
			path = Resources;
			sourceTree = "<group>";
		};
/* End PBXGroup section */

/* Begin PBXNativeTarget section */
		2946C2982B21EC5D0094E119 /* Scrumdinger */ = {
			isa = PBXNativeTarget;
			buildConfigurationList = 2946C2A72B21EC600094E119 /* Build configuration list for PBXNativeTarget "Scrumdinger" */;
			buildPhases = (
				2946C2952B21EC5D0094E119 /* Sources */,
				2946C2962B21EC5D0094E119 /* Frameworks */,
				2946C2972B21EC5D0094E119 /* Resources */,
			);
			buildRules = (
			);
			dependencies = (
			);
			name = Scrumdinger;
			productName = Scrumdinger;
			productReference = 2946C2992B21EC5D0094E119 /* Scrumdinger.app */;
			productType = "com.apple.product-type.application";
		};
/* End PBXNativeTarget section */

/* Begin PBXProject section */
		2946C2912B21EC5D0094E119 /* Project object */ = {
			isa = PBXProject;
			attributes = {
				BuildIndependentTargetsInParallel = 1;
				LastSwiftUpdateCheck = 1500;
				LastUpgradeCheck = 1500;
				TargetAttributes = {
					2946C2982B21EC5D0094E119 = {
						CreatedOnToolsVersion = 15.0;
					};
				};
			};
			buildConfigurationList = 2946C2942B21EC5D0094E119 /* Build configuration list for PBXProject "Scrumdinger" */;
			compatibilityVersion = "Xcode 14.0";
			developmentRegion = en;
			hasScannedForEncodings = 0;
			knownRegions = (
				en,
				Base,
			);
			mainGroup = 2946C2902B21EC5D0094E119;
			productRefGroup = 2946C29A2B21EC5D0094E119 /* Products */;
			projectDirPath = "";
			projectRoot = "";
			targets = (
				2946C2982B21EC5D0094E119 /* Scrumdinger */,
			);
		};
/* End PBXProject section */

/* Begin PBXResourcesBuildPhase section */
		2946C2972B21EC5D0094E119 /* Resources */ = {
			isa = PBXResourcesBuildPhase;
			buildActionMask = 2147483647;
			files = (
				29FF45282B33910C005EDAB0 /* ding.wav in Resources */,
				2946C2A42B21EC600094E119 /* Preview Assets.xcassets in Resources */,
				29449CAB2B2267EC00289A40 /* Assets.xcassets in Resources */,
			);
			runOnlyForDeploymentPostprocessing = 0;
		};
/* End PBXResourcesBuildPhase section */

/* Begin PBXSourcesBuildPhase section */
		2946C2952B21EC5D0094E119 /* Sources */ = {
			isa = PBXSourcesBuildPhase;
			buildActionMask = 2147483647;
			files = (
				2917B08B2B23704800528889 /* ThemePicker.swift in Sources */,
				29449CA32B2243B600289A40 /* DailyScrum.swift in Sources */,
				296087B42B335620004C4E65 /* MeetingFooterView.swift in Sources */,
				2917B0952B251B6D00528889 /* ScrumProgressViewStyle.swift in Sources */,
				29449CAD2B226DED00289A40 /* DetailView.swift in Sources */,
				2917B0872B232D1D00528889 /* DetailEditView.swift in Sources */,
				29449CA12B22426500289A40 /* Theme.swift in Sources */,
				2917B0932B25183200528889 /* MeetingHeaderView.swift in Sources */,
				29449CA92B225EE800289A40 /* ScrumsView.swift in Sources */,
				2917B0972B25262A00528889 /* ScrumTimer.swift in Sources */,
				2917B0912B2516C400528889 /* TrailingIconLabelStyle.swift in Sources */,
				2946C29F2B21EC5D0094E119 /* MeetingView.swift in Sources */,
				2946C29D2B21EC5D0094E119 /* ScrumdingerApp.swift in Sources */,
				2917B0892B236C2E00528889 /* ThemeView.swift in Sources */,
				29449CA52B22459C00289A40 /* CardView.swift in Sources */,
				29FF452A2B339F7F005EDAB0 /* AVPlayer+Ding.swift in Sources */,
			);
			runOnlyForDeploymentPostprocessing = 0;
		};
/* End PBXSourcesBuildPhase section */

/* Begin XCBuildConfiguration section */
		2946C2A52B21EC600094E119 /* Debug */ = {
			isa = XCBuildConfiguration;
			buildSettings = {
				ALWAYS_SEARCH_USER_PATHS = NO;
				ASSETCATALOG_COMPILER_GENERATE_SWIFT_ASSET_SYMBOL_EXTENSIONS = YES;
				CLANG_ANALYZER_NONNULL = YES;
				CLANG_ANALYZER_NUMBER_OBJECT_CONVERSION = YES_AGGRESSIVE;
				CLANG_CXX_LANGUAGE_STANDARD = "gnu++20";
				CLANG_ENABLE_MODULES = YES;
				CLANG_ENABLE_OBJC_ARC = YES;
				CLANG_ENABLE_OBJC_WEAK = YES;
				CLANG_WARN_BLOCK_CAPTURE_AUTORELEASING = YES;
				CLANG_WARN_BOOL_CONVERSION = YES;
				CLANG_WARN_COMMA = YES;
				CLANG_WARN_CONSTANT_CONVERSION = YES;
				CLANG_WARN_DEPRECATED_OBJC_IMPLEMENTATIONS = YES;
				CLANG_WARN_DIRECT_OBJC_ISA_USAGE = YES_ERROR;
				CLANG_WARN_DOCUMENTATION_COMMENTS = YES;
				CLANG_WARN_EMPTY_BODY = YES;
				CLANG_WARN_ENUM_CONVERSION = YES;
				CLANG_WARN_INFINITE_RECURSION = YES;
				CLANG_WARN_INT_CONVERSION = YES;
				CLANG_WARN_NON_LITERAL_NULL_CONVERSION = YES;
				CLANG_WARN_OBJC_IMPLICIT_RETAIN_SELF = YES;
				CLANG_WARN_OBJC_LITERAL_CONVERSION = YES;
				CLANG_WARN_OBJC_ROOT_CLASS = YES_ERROR;
				CLANG_WARN_QUOTED_INCLUDE_IN_FRAMEWORK_HEADER = YES;
				CLANG_WARN_RANGE_LOOP_ANALYSIS = YES;
				CLANG_WARN_STRICT_PROTOTYPES = YES;
				CLANG_WARN_SUSPICIOUS_MOVE = YES;
				CLANG_WARN_UNGUARDED_AVAILABILITY = YES_AGGRESSIVE;
				CLANG_WARN_UNREACHABLE_CODE = YES;
				CLANG_WARN__DUPLICATE_METHOD_MATCH = YES;
				COPY_PHASE_STRIP = NO;
				DEBUG_INFORMATION_FORMAT = dwarf;
				ENABLE_STRICT_OBJC_MSGSEND = YES;
				ENABLE_TESTABILITY = YES;
				ENABLE_USER_SCRIPT_SANDBOXING = YES;
				GCC_C_LANGUAGE_STANDARD = gnu17;
				GCC_DYNAMIC_NO_PIC = NO;
				GCC_NO_COMMON_BLOCKS = YES;
				GCC_OPTIMIZATION_LEVEL = 0;
				GCC_PREPROCESSOR_DEFINITIONS = (
					"DEBUG=1",
					"$(inherited)",
				);
				GCC_WARN_64_TO_32_BIT_CONVERSION = YES;
				GCC_WARN_ABOUT_RETURN_TYPE = YES_ERROR;
				GCC_WARN_UNDECLARED_SELECTOR = YES;
				GCC_WARN_UNINITIALIZED_AUTOS = YES_AGGRESSIVE;
				GCC_WARN_UNUSED_FUNCTION = YES;
				GCC_WARN_UNUSED_VARIABLE = YES;
				IPHONEOS_DEPLOYMENT_TARGET = 17.0;
				LOCALIZATION_PREFERS_STRING_CATALOGS = YES;
				MTL_ENABLE_DEBUG_INFO = INCLUDE_SOURCE;
				MTL_FAST_MATH = YES;
				ONLY_ACTIVE_ARCH = YES;
				SDKROOT = iphoneos;
				SWIFT_ACTIVE_COMPILATION_CONDITIONS = "DEBUG $(inherited)";
				SWIFT_OPTIMIZATION_LEVEL = "-Onone";
			};
			name = Debug;
		};
		2946C2A62B21EC600094E119 /* Release */ = {
			isa = XCBuildConfiguration;
			buildSettings = {
				ALWAYS_SEARCH_USER_PATHS = NO;
				ASSETCATALOG_COMPILER_GENERATE_SWIFT_ASSET_SYMBOL_EXTENSIONS = YES;
				CLANG_ANALYZER_NONNULL = YES;
				CLANG_ANALYZER_NUMBER_OBJECT_CONVERSION = YES_AGGRESSIVE;
				CLANG_CXX_LANGUAGE_STANDARD = "gnu++20";
				CLANG_ENABLE_MODULES = YES;
				CLANG_ENABLE_OBJC_ARC = YES;
				CLANG_ENABLE_OBJC_WEAK = YES;
				CLANG_WARN_BLOCK_CAPTURE_AUTORELEASING = YES;
				CLANG_WARN_BOOL_CONVERSION = YES;
				CLANG_WARN_COMMA = YES;
				CLANG_WARN_CONSTANT_CONVERSION = YES;
				CLANG_WARN_DEPRECATED_OBJC_IMPLEMENTATIONS = YES;
				CLANG_WARN_DIRECT_OBJC_ISA_USAGE = YES_ERROR;
				CLANG_WARN_DOCUMENTATION_COMMENTS = YES;
				CLANG_WARN_EMPTY_BODY = YES;
				CLANG_WARN_ENUM_CONVERSION = YES;
				CLANG_WARN_INFINITE_RECURSION = YES;
				CLANG_WARN_INT_CONVERSION = YES;
				CLANG_WARN_NON_LITERAL_NULL_CONVERSION = YES;
				CLANG_WARN_OBJC_IMPLICIT_RETAIN_SELF = YES;
				CLANG_WARN_OBJC_LITERAL_CONVERSION = YES;
				CLANG_WARN_OBJC_ROOT_CLASS = YES_ERROR;
				CLANG_WARN_QUOTED_INCLUDE_IN_FRAMEWORK_HEADER = YES;
				CLANG_WARN_RANGE_LOOP_ANALYSIS = YES;
				CLANG_WARN_STRICT_PROTOTYPES = YES;
				CLANG_WARN_SUSPICIOUS_MOVE = YES;
				CLANG_WARN_UNGUARDED_AVAILABILITY = YES_AGGRESSIVE;
				CLANG_WARN_UNREACHABLE_CODE = YES;
				CLANG_WARN__DUPLICATE_METHOD_MATCH = YES;
				COPY_PHASE_STRIP = NO;
				DEBUG_INFORMATION_FORMAT = "dwarf-with-dsym";
				ENABLE_NS_ASSERTIONS = NO;
				ENABLE_STRICT_OBJC_MSGSEND = YES;
				ENABLE_USER_SCRIPT_SANDBOXING = YES;
				GCC_C_LANGUAGE_STANDARD = gnu17;
				GCC_NO_COMMON_BLOCKS = YES;
				GCC_WARN_64_TO_32_BIT_CONVERSION = YES;
				GCC_WARN_ABOUT_RETURN_TYPE = YES_ERROR;
				GCC_WARN_UNDECLARED_SELECTOR = YES;
				GCC_WARN_UNINITIALIZED_AUTOS = YES_AGGRESSIVE;
				GCC_WARN_UNUSED_FUNCTION = YES;
				GCC_WARN_UNUSED_VARIABLE = YES;
				IPHONEOS_DEPLOYMENT_TARGET = 17.0;
				LOCALIZATION_PREFERS_STRING_CATALOGS = YES;
				MTL_ENABLE_DEBUG_INFO = NO;
				MTL_FAST_MATH = YES;
				SDKROOT = iphoneos;
				SWIFT_COMPILATION_MODE = wholemodule;
				VALIDATE_PRODUCT = YES;
			};
			name = Release;
		};
		2946C2A82B21EC600094E119 /* Debug */ = {
			isa = XCBuildConfiguration;
			buildSettings = {
				ASSETCATALOG_COMPILER_APPICON_NAME = AppIcon;
				ASSETCATALOG_COMPILER_GLOBAL_ACCENT_COLOR_NAME = AccentColor;
				CODE_SIGN_STYLE = Automatic;
				CURRENT_PROJECT_VERSION = 1;
				DEVELOPMENT_ASSET_PATHS = "\"Scrumdinger/Preview Content\"";
				ENABLE_PREVIEWS = YES;
				GENERATE_INFOPLIST_FILE = YES;
				INFOPLIST_KEY_UIApplicationSceneManifest_Generation = YES;
				INFOPLIST_KEY_UIApplicationSupportsIndirectInputEvents = YES;
				INFOPLIST_KEY_UILaunchScreen_Generation = YES;
				INFOPLIST_KEY_UISupportedInterfaceOrientations_iPad = "UIInterfaceOrientationPortrait UIInterfaceOrientationPortraitUpsideDown UIInterfaceOrientationLandscapeLeft UIInterfaceOrientationLandscapeRight";
				INFOPLIST_KEY_UISupportedInterfaceOrientations_iPhone = "UIInterfaceOrientationPortrait UIInterfaceOrientationLandscapeLeft UIInterfaceOrientationLandscapeRight";
				LD_RUNPATH_SEARCH_PATHS = (
					"$(inherited)",
					"@executable_path/Frameworks",
				);
				MARKETING_VERSION = 1.0;
				PRODUCT_BUNDLE_IDENTIFIER = mequedev.Scrumdinger;
				PRODUCT_NAME = "$(TARGET_NAME)";
				SWIFT_EMIT_LOC_STRINGS = YES;
				SWIFT_VERSION = 5.0;
				TARGETED_DEVICE_FAMILY = "1,2";
			};
			name = Debug;
		};
		2946C2A92B21EC600094E119 /* Release */ = {
			isa = XCBuildConfiguration;
			buildSettings = {
				ASSETCATALOG_COMPILER_APPICON_NAME = AppIcon;
				ASSETCATALOG_COMPILER_GLOBAL_ACCENT_COLOR_NAME = AccentColor;
				CODE_SIGN_STYLE = Automatic;
				CURRENT_PROJECT_VERSION = 1;
				DEVELOPMENT_ASSET_PATHS = "\"Scrumdinger/Preview Content\"";
				ENABLE_PREVIEWS = YES;
				GENERATE_INFOPLIST_FILE = YES;
				INFOPLIST_KEY_UIApplicationSceneManifest_Generation = YES;
				INFOPLIST_KEY_UIApplicationSupportsIndirectInputEvents = YES;
				INFOPLIST_KEY_UILaunchScreen_Generation = YES;
				INFOPLIST_KEY_UISupportedInterfaceOrientations_iPad = "UIInterfaceOrientationPortrait UIInterfaceOrientationPortraitUpsideDown UIInterfaceOrientationLandscapeLeft UIInterfaceOrientationLandscapeRight";
				INFOPLIST_KEY_UISupportedInterfaceOrientations_iPhone = "UIInterfaceOrientationPortrait UIInterfaceOrientationLandscapeLeft UIInterfaceOrientationLandscapeRight";
				LD_RUNPATH_SEARCH_PATHS = (
					"$(inherited)",
					"@executable_path/Frameworks",
				);
				MARKETING_VERSION = 1.0;
				PRODUCT_BUNDLE_IDENTIFIER = mequedev.Scrumdinger;
				PRODUCT_NAME = "$(TARGET_NAME)";
				SWIFT_EMIT_LOC_STRINGS = YES;
				SWIFT_VERSION = 5.0;
				TARGETED_DEVICE_FAMILY = "1,2";
			};
			name = Release;
		};
/* End XCBuildConfiguration section */

/* Begin XCConfigurationList section */
		2946C2942B21EC5D0094E119 /* Build configuration list for PBXProject "Scrumdinger" */ = {
			isa = XCConfigurationList;
			buildConfigurations = (
				2946C2A52B21EC600094E119 /* Debug */,
				2946C2A62B21EC600094E119 /* Release */,
			);
			defaultConfigurationIsVisible = 0;
			defaultConfigurationName = Release;
		};
		2946C2A72B21EC600094E119 /* Build configuration list for PBXNativeTarget "Scrumdinger" */ = {
			isa = XCConfigurationList;
			buildConfigurations = (
				2946C2A82B21EC600094E119 /* Debug */,
				2946C2A92B21EC600094E119 /* Release */,
			);
			defaultConfigurationIsVisible = 0;
			defaultConfigurationName = Release;
		};
/* End XCConfigurationList section */
	};
	rootObject = 2946C2912B21EC5D0094E119 /* Project object */;
}
